
Microsoft Visual Studio Solution File, Format Version 12.00
# Visual Studio Express 2012 for Windows Phone
Project("{FAE04EC0-301F-11D3-BF4B-00C04F79EFBC}") = "Obbligo o verita", "Obbligo o verita\Obbligo o verita.csproj", "{BDB4BF28-541D-4EC7-B341-61C0EA0250E8}"
EndProject
Global
	GlobalSection(TeamFoundationVersionControl) = preSolution
		SccNumberOfProjects = 2
		SccEnterpriseProvider = {4CA58AB2-18FA-4F8D-95D4-32DDF27D184C}
		SccTeamFoundationServer = https://aresdevelop.visualstudio.com/defaultcollection
		SccLocalPath0 = .
		SccProjectUniqueName1 = Obbligo\u0020o\u0020verita\\Obbligo\u0020o\u0020verita.csproj
		SccProjectName1 = Obbligo\u0020o\u0020verita
		SccLocalPath1 = Obbligo\u0020o\u0020verita
	EndGlobalSection
	GlobalSection(SolutionConfigurationPlatforms) = preSolution
		Debug|Any CPU = Debug|Any CPU
		Release|Any CPU = Release|Any CPU
	EndGlobalSection
	GlobalSection(ProjectConfigurationPlatforms) = postSolution
		{BDB4BF28-541D-4EC7-B341-61C0EA0250E8}.Debug|Any CPU.ActiveCfg = Debug|Any CPU
		{BDB4BF28-541D-4EC7-B341-61C0EA0250E8}.Debug|Any CPU.Build.0 = Debug|Any CPU
		{BDB4BF28-541D-4EC7-B341-61C0EA0250E8}.Debug|Any CPU.Deploy.0 = Debug|Any CPU
		{BDB4BF28-541D-4EC7-B341-61C0EA0250E8}.Release|Any CPU.ActiveCfg = Release|Any CPU
		{BDB4BF28-541D-4EC7-B341-61C0EA0250E8}.Release|Any CPU.Build.0 = Release|Any CPU
		{BDB4BF28-541D-4EC7-B341-61C0EA0250E8}.Release|Any CPU.Deploy.0 = Release|Any CPU
	EndGlobalSection
	GlobalSection(SolutionProperties) = preSolution
		HideSolutionNode = FALSE
	EndGlobalSection
EndGlobal
